# This file is automatically @generated by Cargo.
# It is not intended for manual editing.
version = 4

[[package]]
name = "kern_allocator"
version = "0.1.0"
dependencies = [
 "kern_types",
 "kern_utils",
]

[[package]]
name = "kern_core"
version = "0.1.0"
dependencies = [
 "kern_allocator",
 "kern_utils",
]

[[package]]
name = "kern_types"
version = "0.1.0"

[[package]]
name = "kern_utils"
version = "0.1.0"
